
Microsoft Visual Studio Solution File, Format Version 12.00
# Visual Studio Version 16
VisualStudioVersion = 16.0.31729.503
MinimumVisualStudioVersion = 10.0.40219.1
Project("{FAE04EC0-301F-11D3-BF4B-00C04F79EFBC}") = "WPFChatApp", "WPFChatApp\WPFChatApp.csproj", "{A400A5B8-4641-4FC4-ABCA-47F64D31EAD4}"
EndProject
Project("{9A19103F-16F7-4668-BE54-9A1E7A4F7556}") = "WPFChatApp.Core", "WPFChatApp.Core\WPFChatApp.Core.csproj", "{B4A8A4B2-D1FF-4259-B42C-E42483203C16}"
EndProject
Project("{9A19103F-16F7-4668-BE54-9A1E7A4F7556}") = "Dna.Framework", "..\Dna.Framework\Dna.Framework\Dna.Framework.csproj", "{F71F37F0-1967-4A9F-9521-E919A6CB32B8}"
EndProject
Global
	GlobalSection(SolutionConfigurationPlatforms) = preSolution
		Debug|Any CPU = Debug|Any CPU
		Release|Any CPU = Release|Any CPU
	EndGlobalSection
	GlobalSection(ProjectConfigurationPlatforms) = postSolution
		{A400A5B8-4641-4FC4-ABCA-47F64D31EAD4}.Debug|Any CPU.ActiveCfg = Debug|Any CPU
		{A400A5B8-4641-4FC4-ABCA-47F64D31EAD4}.Debug|Any CPU.Build.0 = Debug|Any CPU
		{A400A5B8-4641-4FC4-ABCA-47F64D31EAD4}.Release|Any CPU.ActiveCfg = Release|Any CPU
		{A400A5B8-4641-4FC4-ABCA-47F64D31EAD4}.Release|Any CPU.Build.0 = Release|Any CPU
		{B4A8A4B2-D1FF-4259-B42C-E42483203C16}.Debug|Any CPU.ActiveCfg = Debug|Any CPU
		{B4A8A4B2-D1FF-4259-B42C-E42483203C16}.Debug|Any CPU.Build.0 = Debug|Any CPU
		{B4A8A4B2-D1FF-4259-B42C-E42483203C16}.Release|Any CPU.ActiveCfg = Release|Any CPU
		{B4A8A4B2-D1FF-4259-B42C-E42483203C16}.Release|Any CPU.Build.0 = Release|Any CPU
		{F71F37F0-1967-4A9F-9521-E919A6CB32B8}.Debug|Any CPU.ActiveCfg = Debug|Any CPU
		{F71F37F0-1967-4A9F-9521-E919A6CB32B8}.Debug|Any CPU.Build.0 = Debug|Any CPU
		{F71F37F0-1967-4A9F-9521-E919A6CB32B8}.Release|Any CPU.ActiveCfg = Release|Any CPU
		{F71F37F0-1967-4A9F-9521-E919A6CB32B8}.Release|Any CPU.Build.0 = Release|Any CPU
	EndGlobalSection
	GlobalSection(SolutionProperties) = preSolution
		HideSolutionNode = FALSE
	EndGlobalSection
	GlobalSection(ExtensibilityGlobals) = postSolution
		SolutionGuid = {526C96F1-6AE0-4A9F-BC81-8A4D965897A5}
	EndGlobalSection
EndGlobal
