
Microsoft Visual Studio Solution File, Format Version 12.00
# Visual Studio Version 16
VisualStudioVersion = 16.0.31729.503
MinimumVisualStudioVersion = 10.0.40219.1
Project("{FAE04EC0-301F-11D3-BF4B-00C04F79EFBC}") = "WPFChatApp.Web.Server", "WPFChatApp.Web.Server/WPFChatApp.Web.Server.csproj", "{E3CAB152-D86C-447E-B2B3-0D38D5D56113}"
EndProject
Global
	GlobalSection(SolutionConfigurationPlatforms) = preSolution
		Debug|Any CPU = Debug|Any CPU
		Release|Any CPU = Release|Any CPU
	EndGlobalSection
	GlobalSection(ProjectConfigurationPlatforms) = postSolution
		{E3CAB152-D86C-447E-B2B3-0D38D5D56113}.Debug|Any CPU.ActiveCfg = Debug|Any CPU
		{E3CAB152-D86C-447E-B2B3-0D38D5D56113}.Debug|Any CPU.Build.0 = Debug|Any CPU
		{E3CAB152-D86C-447E-B2B3-0D38D5D56113}.Release|Any CPU.ActiveCfg = Release|Any CPU
		{E3CAB152-D86C-447E-B2B3-0D38D5D56113}.Release|Any CPU.Build.0 = Release|Any CPU
	EndGlobalSection
	GlobalSection(SolutionProperties) = preSolution
		HideSolutionNode = FALSE
	EndGlobalSection
	GlobalSection(ExtensibilityGlobals) = postSolution
		SolutionGuid = {A946BED7-A209-4717-9EAF-C1A98726CE53}
	EndGlobalSection
EndGlobal
